
Microsoft Visual Studio Solution File, Format Version 12.00
# Visual Studio 15
VisualStudioVersion = 15.0.27703.2026
MinimumVisualStudioVersion = 10.0.40219.1
Project("{8BC9CEB8-8B4A-11D0-8D11-00A0C91BC942}") = "16.1 Pow function", "16.1 Recursion\16.1 Recursion.vcxproj", "{13BBED56-9534-447F-A40B-ED24EAAE3A30}"
EndProject
Project("{8BC9CEB8-8B4A-11D0-8D11-00A0C91BC942}") = "16.2 Print Array in Reverse", "16.2 Print Array in Reverse\16.2 Print Array in Reverse.vcxproj", "{7FE22DE2-E8DA-4087-9BD8-1F40C87ADADD}"
EndProject
Project("{8BC9CEB8-8B4A-11D0-8D11-00A0C91BC942}") = "16.3 Recursion vs Iteration Linked Lists", "16.3 Recursion vs Iteration Linked Lists\16.3 Recursion vs Iteration Linked Lists.vcxproj", "{D9CD9BC0-587E-4261-9443-53E01BF45F1E}"
EndProject
Project("{8BC9CEB8-8B4A-11D0-8D11-00A0C91BC942}") = "16.4 Find element in Sorted Array", "16.4 Find element in Sorted Array\16.4 Find element in Sorted Array.vcxproj", "{4F2617D6-FD63-4024-A9A6-EF0370EDBE06}"
EndProject
Global
	GlobalSection(SolutionConfigurationPlatforms) = preSolution
		Debug|x64 = Debug|x64
		Debug|x86 = Debug|x86
		Release|x64 = Release|x64
		Release|x86 = Release|x86
	EndGlobalSection
	GlobalSection(ProjectConfigurationPlatforms) = postSolution
		{13BBED56-9534-447F-A40B-ED24EAAE3A30}.Debug|x64.ActiveCfg = Debug|x64
		{13BBED56-9534-447F-A40B-ED24EAAE3A30}.Debug|x64.Build.0 = Debug|x64
		{13BBED56-9534-447F-A40B-ED24EAAE3A30}.Debug|x86.ActiveCfg = Debug|Win32
		{13BBED56-9534-447F-A40B-ED24EAAE3A30}.Debug|x86.Build.0 = Debug|Win32
		{13BBED56-9534-447F-A40B-ED24EAAE3A30}.Release|x64.ActiveCfg = Release|x64
		{13BBED56-9534-447F-A40B-ED24EAAE3A30}.Release|x64.Build.0 = Release|x64
		{13BBED56-9534-447F-A40B-ED24EAAE3A30}.Release|x86.ActiveCfg = Release|Win32
		{13BBED56-9534-447F-A40B-ED24EAAE3A30}.Release|x86.Build.0 = Release|Win32
		{7FE22DE2-E8DA-4087-9BD8-1F40C87ADADD}.Debug|x64.ActiveCfg = Debug|x64
		{7FE22DE2-E8DA-4087-9BD8-1F40C87ADADD}.Debug|x64.Build.0 = Debug|x64
		{7FE22DE2-E8DA-4087-9BD8-1F40C87ADADD}.Debug|x86.ActiveCfg = Debug|Win32
		{7FE22DE2-E8DA-4087-9BD8-1F40C87ADADD}.Debug|x86.Build.0 = Debug|Win32
		{7FE22DE2-E8DA-4087-9BD8-1F40C87ADADD}.Release|x64.ActiveCfg = Release|x64
		{7FE22DE2-E8DA-4087-9BD8-1F40C87ADADD}.Release|x64.Build.0 = Release|x64
		{7FE22DE2-E8DA-4087-9BD8-1F40C87ADADD}.Release|x86.ActiveCfg = Release|Win32
		{7FE22DE2-E8DA-4087-9BD8-1F40C87ADADD}.Release|x86.Build.0 = Release|Win32
		{D9CD9BC0-587E-4261-9443-53E01BF45F1E}.Debug|x64.ActiveCfg = Debug|x64
		{D9CD9BC0-587E-4261-9443-53E01BF45F1E}.Debug|x64.Build.0 = Debug|x64
		{D9CD9BC0-587E-4261-9443-53E01BF45F1E}.Debug|x86.ActiveCfg = Debug|Win32
		{D9CD9BC0-587E-4261-9443-53E01BF45F1E}.Debug|x86.Build.0 = Debug|Win32
		{D9CD9BC0-587E-4261-9443-53E01BF45F1E}.Release|x64.ActiveCfg = Release|x64
		{D9CD9BC0-587E-4261-9443-53E01BF45F1E}.Release|x64.Build.0 = Release|x64
		{D9CD9BC0-587E-4261-9443-53E01BF45F1E}.Release|x86.ActiveCfg = Release|Win32
		{D9CD9BC0-587E-4261-9443-53E01BF45F1E}.Release|x86.Build.0 = Release|Win32
		{4F2617D6-FD63-4024-A9A6-EF0370EDBE06}.Debug|x64.ActiveCfg = Debug|x64
		{4F2617D6-FD63-4024-A9A6-EF0370EDBE06}.Debug|x64.Build.0 = Debug|x64
		{4F2617D6-FD63-4024-A9A6-EF0370EDBE06}.Debug|x86.ActiveCfg = Debug|Win32
		{4F2617D6-FD63-4024-A9A6-EF0370EDBE06}.Debug|x86.Build.0 = Debug|Win32
		{4F2617D6-FD63-4024-A9A6-EF0370EDBE06}.Release|x64.ActiveCfg = Release|x64
		{4F2617D6-FD63-4024-A9A6-EF0370EDBE06}.Release|x64.Build.0 = Release|x64
		{4F2617D6-FD63-4024-A9A6-EF0370EDBE06}.Release|x86.ActiveCfg = Release|Win32
		{4F2617D6-FD63-4024-A9A6-EF0370EDBE06}.Release|x86.Build.0 = Release|Win32
	EndGlobalSection
	GlobalSection(SolutionProperties) = preSolution
		HideSolutionNode = FALSE
	EndGlobalSection
	GlobalSection(ExtensibilityGlobals) = postSolution
		SolutionGuid = {4946692E-0E25-4EF6-83A8-DBA43BE21056}
	EndGlobalSection
EndGlobal
