
Microsoft Visual Studio Solution File, Format Version 12.00
# Visual Studio 15
VisualStudioVersion = 15.0.27703.2026
MinimumVisualStudioVersion = 10.0.40219.1
Project("{8BC9CEB8-8B4A-11D0-8D11-00A0C91BC942}") = "17.1 Binary Trees", "17 Binary Trees\17 Binary Trees.vcxproj", "{4B3DDA04-DE4E-46C4-9D8D-5F63E4D631AB}"
EndProject
Project("{8BC9CEB8-8B4A-11D0-8D11-00A0C91BC942}") = "17.2 Binary Trees", "17.2 Binary Trees\17.2 Binary Trees.vcxproj", "{04C6639B-CAC2-442B-8C5A-FA66FE394DF9}"
EndProject
Project("{8BC9CEB8-8B4A-11D0-8D11-00A0C91BC942}") = "17.3 Binary Trees", "17.3 Binary Trees\17.3 Binary Trees.vcxproj", "{DB40AC2A-AB02-4D71-8972-9B2B5A971248}"
EndProject
Project("{8BC9CEB8-8B4A-11D0-8D11-00A0C91BC942}") = "17.4 Binary Trees", "17.4\17.4.vcxproj", "{BC91ECFB-5311-480B-B94B-D6B4F4BF1712}"
EndProject
Project("{8BC9CEB8-8B4A-11D0-8D11-00A0C91BC942}") = "17.5 Binary Trees", "17.5 Binary Trees\17.5 Binary Trees.vcxproj", "{0907A43E-AB73-4793-ACE2-74A6846564C9}"
EndProject
Global
	GlobalSection(SolutionConfigurationPlatforms) = preSolution
		Debug|x64 = Debug|x64
		Debug|x86 = Debug|x86
		Release|x64 = Release|x64
		Release|x86 = Release|x86
	EndGlobalSection
	GlobalSection(ProjectConfigurationPlatforms) = postSolution
		{4B3DDA04-DE4E-46C4-9D8D-5F63E4D631AB}.Debug|x64.ActiveCfg = Debug|x64
		{4B3DDA04-DE4E-46C4-9D8D-5F63E4D631AB}.Debug|x64.Build.0 = Debug|x64
		{4B3DDA04-DE4E-46C4-9D8D-5F63E4D631AB}.Debug|x86.ActiveCfg = Debug|Win32
		{4B3DDA04-DE4E-46C4-9D8D-5F63E4D631AB}.Debug|x86.Build.0 = Debug|Win32
		{4B3DDA04-DE4E-46C4-9D8D-5F63E4D631AB}.Release|x64.ActiveCfg = Release|x64
		{4B3DDA04-DE4E-46C4-9D8D-5F63E4D631AB}.Release|x64.Build.0 = Release|x64
		{4B3DDA04-DE4E-46C4-9D8D-5F63E4D631AB}.Release|x86.ActiveCfg = Release|Win32
		{4B3DDA04-DE4E-46C4-9D8D-5F63E4D631AB}.Release|x86.Build.0 = Release|Win32
		{04C6639B-CAC2-442B-8C5A-FA66FE394DF9}.Debug|x64.ActiveCfg = Debug|x64
		{04C6639B-CAC2-442B-8C5A-FA66FE394DF9}.Debug|x64.Build.0 = Debug|x64
		{04C6639B-CAC2-442B-8C5A-FA66FE394DF9}.Debug|x86.ActiveCfg = Debug|Win32
		{04C6639B-CAC2-442B-8C5A-FA66FE394DF9}.Debug|x86.Build.0 = Debug|Win32
		{04C6639B-CAC2-442B-8C5A-FA66FE394DF9}.Release|x64.ActiveCfg = Release|x64
		{04C6639B-CAC2-442B-8C5A-FA66FE394DF9}.Release|x64.Build.0 = Release|x64
		{04C6639B-CAC2-442B-8C5A-FA66FE394DF9}.Release|x86.ActiveCfg = Release|Win32
		{04C6639B-CAC2-442B-8C5A-FA66FE394DF9}.Release|x86.Build.0 = Release|Win32
		{DB40AC2A-AB02-4D71-8972-9B2B5A971248}.Debug|x64.ActiveCfg = Debug|x64
		{DB40AC2A-AB02-4D71-8972-9B2B5A971248}.Debug|x64.Build.0 = Debug|x64
		{DB40AC2A-AB02-4D71-8972-9B2B5A971248}.Debug|x86.ActiveCfg = Debug|Win32
		{DB40AC2A-AB02-4D71-8972-9B2B5A971248}.Debug|x86.Build.0 = Debug|Win32
		{DB40AC2A-AB02-4D71-8972-9B2B5A971248}.Release|x64.ActiveCfg = Release|x64
		{DB40AC2A-AB02-4D71-8972-9B2B5A971248}.Release|x64.Build.0 = Release|x64
		{DB40AC2A-AB02-4D71-8972-9B2B5A971248}.Release|x86.ActiveCfg = Release|Win32
		{DB40AC2A-AB02-4D71-8972-9B2B5A971248}.Release|x86.Build.0 = Release|Win32
		{BC91ECFB-5311-480B-B94B-D6B4F4BF1712}.Debug|x64.ActiveCfg = Debug|x64
		{BC91ECFB-5311-480B-B94B-D6B4F4BF1712}.Debug|x64.Build.0 = Debug|x64
		{BC91ECFB-5311-480B-B94B-D6B4F4BF1712}.Debug|x86.ActiveCfg = Debug|Win32
		{BC91ECFB-5311-480B-B94B-D6B4F4BF1712}.Debug|x86.Build.0 = Debug|Win32
		{BC91ECFB-5311-480B-B94B-D6B4F4BF1712}.Release|x64.ActiveCfg = Release|x64
		{BC91ECFB-5311-480B-B94B-D6B4F4BF1712}.Release|x64.Build.0 = Release|x64
		{BC91ECFB-5311-480B-B94B-D6B4F4BF1712}.Release|x86.ActiveCfg = Release|Win32
		{BC91ECFB-5311-480B-B94B-D6B4F4BF1712}.Release|x86.Build.0 = Release|Win32
		{0907A43E-AB73-4793-ACE2-74A6846564C9}.Debug|x64.ActiveCfg = Debug|x64
		{0907A43E-AB73-4793-ACE2-74A6846564C9}.Debug|x64.Build.0 = Debug|x64
		{0907A43E-AB73-4793-ACE2-74A6846564C9}.Debug|x86.ActiveCfg = Debug|Win32
		{0907A43E-AB73-4793-ACE2-74A6846564C9}.Debug|x86.Build.0 = Debug|Win32
		{0907A43E-AB73-4793-ACE2-74A6846564C9}.Release|x64.ActiveCfg = Release|x64
		{0907A43E-AB73-4793-ACE2-74A6846564C9}.Release|x64.Build.0 = Release|x64
		{0907A43E-AB73-4793-ACE2-74A6846564C9}.Release|x86.ActiveCfg = Release|Win32
		{0907A43E-AB73-4793-ACE2-74A6846564C9}.Release|x86.Build.0 = Release|Win32
	EndGlobalSection
	GlobalSection(SolutionProperties) = preSolution
		HideSolutionNode = FALSE
	EndGlobalSection
	GlobalSection(ExtensibilityGlobals) = postSolution
		SolutionGuid = {77261045-A85B-4DBE-88BD-48E2EFFC4CB5}
	EndGlobalSection
EndGlobal
