
Microsoft Visual Studio Solution File, Format Version 12.00
# Visual Studio 15
VisualStudioVersion = 15.0.27703.2026
MinimumVisualStudioVersion = 10.0.40219.1
Project("{8BC9CEB8-8B4A-11D0-8D11-00A0C91BC942}") = "19.1 Needle in a Haystack", "19 More About Strings\19 More About Strings.vcxproj", "{6A40D29E-BC91-4F10-8D70-2B107478C524}"
EndProject
Project("{8BC9CEB8-8B4A-11D0-8D11-00A0C91BC942}") = "19.2 User Input CSV Format", "19.2 User Input CSV Format\19.2 User Input CSV Format.vcxproj", "{093853E8-0E0D-42C0-8D88-FD538ED298E4}"
EndProject
Global
	GlobalSection(SolutionConfigurationPlatforms) = preSolution
		Debug|x64 = Debug|x64
		Debug|x86 = Debug|x86
		Release|x64 = Release|x64
		Release|x86 = Release|x86
	EndGlobalSection
	GlobalSection(ProjectConfigurationPlatforms) = postSolution
		{6A40D29E-BC91-4F10-8D70-2B107478C524}.Debug|x64.ActiveCfg = Debug|x64
		{6A40D29E-BC91-4F10-8D70-2B107478C524}.Debug|x64.Build.0 = Debug|x64
		{6A40D29E-BC91-4F10-8D70-2B107478C524}.Debug|x86.ActiveCfg = Debug|Win32
		{6A40D29E-BC91-4F10-8D70-2B107478C524}.Debug|x86.Build.0 = Debug|Win32
		{6A40D29E-BC91-4F10-8D70-2B107478C524}.Release|x64.ActiveCfg = Release|x64
		{6A40D29E-BC91-4F10-8D70-2B107478C524}.Release|x64.Build.0 = Release|x64
		{6A40D29E-BC91-4F10-8D70-2B107478C524}.Release|x86.ActiveCfg = Release|Win32
		{6A40D29E-BC91-4F10-8D70-2B107478C524}.Release|x86.Build.0 = Release|Win32
		{093853E8-0E0D-42C0-8D88-FD538ED298E4}.Debug|x64.ActiveCfg = Debug|x64
		{093853E8-0E0D-42C0-8D88-FD538ED298E4}.Debug|x64.Build.0 = Debug|x64
		{093853E8-0E0D-42C0-8D88-FD538ED298E4}.Debug|x86.ActiveCfg = Debug|Win32
		{093853E8-0E0D-42C0-8D88-FD538ED298E4}.Debug|x86.Build.0 = Debug|Win32
		{093853E8-0E0D-42C0-8D88-FD538ED298E4}.Release|x64.ActiveCfg = Release|x64
		{093853E8-0E0D-42C0-8D88-FD538ED298E4}.Release|x64.Build.0 = Release|x64
		{093853E8-0E0D-42C0-8D88-FD538ED298E4}.Release|x86.ActiveCfg = Release|Win32
		{093853E8-0E0D-42C0-8D88-FD538ED298E4}.Release|x86.Build.0 = Release|Win32
	EndGlobalSection
	GlobalSection(SolutionProperties) = preSolution
		HideSolutionNode = FALSE
	EndGlobalSection
	GlobalSection(ExtensibilityGlobals) = postSolution
		SolutionGuid = {743117BB-A2C5-4C45-AEA1-4CD020B5FA76}
	EndGlobalSection
EndGlobal
