
Microsoft Visual Studio Solution File, Format Version 12.00
# Visual Studio 15
VisualStudioVersion = 15.0.27703.2026
MinimumVisualStudioVersion = 10.0.40219.1
Project("{8BC9CEB8-8B4A-11D0-8D11-00A0C91BC942}") = "15.1 Linked Lists", "15.1 Linked Lists\15.1 Linked Lists.vcxproj", "{1728B321-2BDF-45BC-BDD7-301CC18DEDCA}"
EndProject
Project("{8BC9CEB8-8B4A-11D0-8D11-00A0C91BC942}") = "15.2 Linked Lists", "15.2\15.2.vcxproj", "{6084D769-9F31-48DA-BDD6-B2B5DB71D345}"
EndProject
Global
	GlobalSection(SolutionConfigurationPlatforms) = preSolution
		Debug|x64 = Debug|x64
		Debug|x86 = Debug|x86
		Release|x64 = Release|x64
		Release|x86 = Release|x86
	EndGlobalSection
	GlobalSection(ProjectConfigurationPlatforms) = postSolution
		{1728B321-2BDF-45BC-BDD7-301CC18DEDCA}.Debug|x64.ActiveCfg = Debug|x64
		{1728B321-2BDF-45BC-BDD7-301CC18DEDCA}.Debug|x64.Build.0 = Debug|x64
		{1728B321-2BDF-45BC-BDD7-301CC18DEDCA}.Debug|x86.ActiveCfg = Debug|Win32
		{1728B321-2BDF-45BC-BDD7-301CC18DEDCA}.Debug|x86.Build.0 = Debug|Win32
		{1728B321-2BDF-45BC-BDD7-301CC18DEDCA}.Release|x64.ActiveCfg = Release|x64
		{1728B321-2BDF-45BC-BDD7-301CC18DEDCA}.Release|x64.Build.0 = Release|x64
		{1728B321-2BDF-45BC-BDD7-301CC18DEDCA}.Release|x86.ActiveCfg = Release|Win32
		{1728B321-2BDF-45BC-BDD7-301CC18DEDCA}.Release|x86.Build.0 = Release|Win32
		{6084D769-9F31-48DA-BDD6-B2B5DB71D345}.Debug|x64.ActiveCfg = Debug|x64
		{6084D769-9F31-48DA-BDD6-B2B5DB71D345}.Debug|x64.Build.0 = Debug|x64
		{6084D769-9F31-48DA-BDD6-B2B5DB71D345}.Debug|x86.ActiveCfg = Debug|Win32
		{6084D769-9F31-48DA-BDD6-B2B5DB71D345}.Debug|x86.Build.0 = Debug|Win32
		{6084D769-9F31-48DA-BDD6-B2B5DB71D345}.Release|x64.ActiveCfg = Release|x64
		{6084D769-9F31-48DA-BDD6-B2B5DB71D345}.Release|x64.Build.0 = Release|x64
		{6084D769-9F31-48DA-BDD6-B2B5DB71D345}.Release|x86.ActiveCfg = Release|Win32
		{6084D769-9F31-48DA-BDD6-B2B5DB71D345}.Release|x86.Build.0 = Release|Win32
	EndGlobalSection
	GlobalSection(SolutionProperties) = preSolution
		HideSolutionNode = FALSE
	EndGlobalSection
	GlobalSection(ExtensibilityGlobals) = postSolution
		SolutionGuid = {47D8AC38-E911-416D-9873-CCE581FF6257}
	EndGlobalSection
EndGlobal
